
Microsoft Visual Studio Solution File, Format Version 12.00
# Visual Studio Version 17
VisualStudioVersion = 17.0.31903.59
MinimumVisualStudioVersion = 10.0.40219.1
Project("{FAE04EC0-301F-11D3-BF4B-00C04F79EFBC}") = "Server", "Server\Server.csproj", "{7410DD88-9419-470B-A4E1-781747523473}"
EndProject
Project("{FAE04EC0-301F-11D3-BF4B-00C04F79EFBC}") = "ServerCore", "ServerCore\ServerCore.csproj", "{B9CA9ACC-CDCA-454F-A3D5-D01CEA9FBA68}"
EndProject
Project("{FAE04EC0-301F-11D3-BF4B-00C04F79EFBC}") = "DummyClient", "DummyClient\DummyClient.csproj", "{9D1FA665-1B92-4723-8687-956EA57686A2}"
EndProject
Global
	GlobalSection(SolutionConfigurationPlatforms) = preSolution
		Debug|Any CPU = Debug|Any CPU
		Release|Any CPU = Release|Any CPU
	EndGlobalSection
	GlobalSection(SolutionProperties) = preSolution
		HideSolutionNode = FALSE
	EndGlobalSection
	GlobalSection(ProjectConfigurationPlatforms) = postSolution
		{7410DD88-9419-470B-A4E1-781747523473}.Debug|Any CPU.ActiveCfg = Debug|Any CPU
		{7410DD88-9419-470B-A4E1-781747523473}.Debug|Any CPU.Build.0 = Debug|Any CPU
		{7410DD88-9419-470B-A4E1-781747523473}.Release|Any CPU.ActiveCfg = Release|Any CPU
		{7410DD88-9419-470B-A4E1-781747523473}.Release|Any CPU.Build.0 = Release|Any CPU
		{B9CA9ACC-CDCA-454F-A3D5-D01CEA9FBA68}.Debug|Any CPU.ActiveCfg = Debug|Any CPU
		{B9CA9ACC-CDCA-454F-A3D5-D01CEA9FBA68}.Debug|Any CPU.Build.0 = Debug|Any CPU
		{B9CA9ACC-CDCA-454F-A3D5-D01CEA9FBA68}.Release|Any CPU.ActiveCfg = Release|Any CPU
		{B9CA9ACC-CDCA-454F-A3D5-D01CEA9FBA68}.Release|Any CPU.Build.0 = Release|Any CPU
		{9D1FA665-1B92-4723-8687-956EA57686A2}.Debug|Any CPU.ActiveCfg = Debug|Any CPU
		{9D1FA665-1B92-4723-8687-956EA57686A2}.Debug|Any CPU.Build.0 = Debug|Any CPU
		{9D1FA665-1B92-4723-8687-956EA57686A2}.Release|Any CPU.ActiveCfg = Release|Any CPU
		{9D1FA665-1B92-4723-8687-956EA57686A2}.Release|Any CPU.Build.0 = Release|Any CPU
	EndGlobalSection
EndGlobal
